PODS:
  - bdk_flutter (0.28.0):
    - Flutter
  - Flutter (1.0.0)

DEPENDENCIES:
  - bdk_flutter (from `.symlinks/plugins/bdk_flutter/ios`)
  - Flutter (from `Flutter`)

EXTERNAL SOURCES:
  bdk_flutter:
    :path: ".symlinks/plugins/bdk_flutter/ios"
  Flutter:
    :path: Flutter

SPEC CHECKSUMS:
  bdk_flutter: 74117dfdac7c8cdedc18ea6209bfabe6d5c218b5
  Flutter: f04841e97a9d0b0a8025694d0796dd46242b2854

PODFILE CHECKSUM: 6998435987a000fdec9b2e1b5b1eef6d54bdba77

COCOAPODS: 1.11.3
