PODS:
  - bdk_flutter (0.28.0):
    - FlutterMacOS
  - FlutterMacOS (1.0.0)

DEPENDENCIES:
  - bdk_flutter (from `Flutter/ephemeral/.symlinks/plugins/bdk_flutter/macos`)
  - FlutterMacOS (from `Flutter/ephemeral`)

EXTERNAL SOURCES:
  bdk_flutter:
    :path: Flutter/ephemeral/.symlinks/plugins/bdk_flutter/macos
  FlutterMacOS:
    :path: Flutter/ephemeral

SPEC CHECKSUMS:
  bdk_flutter: 9d693253ab1a636939fd6c7b761882147493c163
  FlutterMacOS: 8f6f14fa908a6fb3fba0cd85dbd81ec4b251fb24

PODFILE CHECKSUM: 353c8bcc5d5b0994e508d035b5431cfe18c1dea7

COCOAPODS: 1.11.3
